
Microsoft Visual Studio Solution File, Format Version 12.00
# Visual Studio Version 17
VisualStudioVersion = 17.0.31903.59
MinimumVisualStudioVersion = 10.0.40219.1
Project("{2150E333-8FDC-42A3-9474-1A3956D46DE8}") = "src", "src", "{A1B2C3D4-0001-0000-0000-000000000000}"
EndProject
Project("{2150E333-8FDC-42A3-9474-1A3956D46DE8}") = "tests", "tests", "{A1B2C3D4-0002-0000-0000-000000000000}"
EndProject
Project("{2150E333-8FDC-42A3-9474-1A3956D46DE8}") = "tests.integration", "tests.integration", "{A1B2C3D4-0003-0000-0000-000000000000}"
EndProject
Project("{FAE04EC0-301F-11D3-BF4B-00C04F79EFBC}") = "HnVue.App", "src\HnVue.App\HnVue.App.csproj", "{B1000001-1111-1111-1111-100000000001}"
EndProject
Project("{FAE04EC0-301F-11D3-BF4B-00C04F79EFBC}") = "HnVue.Common", "src\HnVue.Common\HnVue.Common.csproj", "{B1000002-1111-1111-1111-100000000002}"
EndProject
Project("{FAE04EC0-301F-11D3-BF4B-00C04F79EFBC}") = "HnVue.Data", "src\HnVue.Data\HnVue.Data.csproj", "{B1000003-1111-1111-1111-100000000003}"
EndProject
Project("{FAE04EC0-301F-11D3-BF4B-00C04F79EFBC}") = "HnVue.Security", "src\HnVue.Security\HnVue.Security.csproj", "{B1000004-1111-1111-1111-100000000004}"
EndProject
Project("{FAE04EC0-301F-11D3-BF4B-00C04F79EFBC}") = "HnVue.Dicom", "src\HnVue.Dicom\HnVue.Dicom.csproj", "{B1000005-1111-1111-1111-100000000005}"
EndProject
Project("{FAE04EC0-301F-11D3-BF4B-00C04F79EFBC}") = "HnVue.Workflow", "src\HnVue.Workflow\HnVue.Workflow.csproj", "{B1000006-1111-1111-1111-100000000006}"
EndProject
Project("{FAE04EC0-301F-11D3-BF4B-00C04F79EFBC}") = "HnVue.Imaging", "src\HnVue.Imaging\HnVue.Imaging.csproj", "{B1000007-1111-1111-1111-100000000007}"
EndProject
Project("{FAE04EC0-301F-11D3-BF4B-00C04F79EFBC}") = "HnVue.Dose", "src\HnVue.Dose\HnVue.Dose.csproj", "{B1000008-1111-1111-1111-100000000008}"
EndProject
Project("{FAE04EC0-301F-11D3-BF4B-00C04F79EFBC}") = "HnVue.PatientManagement", "src\HnVue.PatientManagement\HnVue.PatientManagement.csproj", "{B1000009-1111-1111-1111-100000000009}"
EndProject
Project("{FAE04EC0-301F-11D3-BF4B-00C04F79EFBC}") = "HnVue.Incident", "src\HnVue.Incident\HnVue.Incident.csproj", "{B100000A-1111-1111-1111-10000000000A}"
EndProject
Project("{FAE04EC0-301F-11D3-BF4B-00C04F79EFBC}") = "HnVue.Update", "src\HnVue.Update\HnVue.Update.csproj", "{B100000B-1111-1111-1111-10000000000B}"
EndProject
Project("{FAE04EC0-301F-11D3-BF4B-00C04F79EFBC}") = "HnVue.SystemAdmin", "src\HnVue.SystemAdmin\HnVue.SystemAdmin.csproj", "{B100000C-1111-1111-1111-10000000000C}"
EndProject
Project("{FAE04EC0-301F-11D3-BF4B-00C04F79EFBC}") = "HnVue.CDBurning", "src\HnVue.CDBurning\HnVue.CDBurning.csproj", "{B100000D-1111-1111-1111-10000000000D}"
EndProject
Project("{FAE04EC0-301F-11D3-BF4B-00C04F79EFBC}") = "HnVue.UI", "src\HnVue.UI\HnVue.UI.csproj", "{B100000E-1111-1111-1111-10000000000E}"
EndProject
Project("{FAE04EC0-301F-11D3-BF4B-00C04F79EFBC}") = "HnVue.UI.Contracts", "src\HnVue.UI.Contracts\HnVue.UI.Contracts.csproj", "{B100000F-1111-1111-1111-10000000000F}"
EndProject
Project("{FAE04EC0-301F-11D3-BF4B-00C04F79EFBC}") = "HnVue.UI.ViewModels", "src\HnVue.UI.ViewModels\HnVue.UI.ViewModels.csproj", "{B1000010-1111-1111-1111-100000000010}"
EndProject
Project("{FAE04EC0-301F-11D3-BF4B-00C04F79EFBC}") = "HnVue.Common.Tests", "tests\HnVue.Common.Tests\HnVue.Common.Tests.csproj", "{C2000001-2222-2222-2222-200000000001}"
EndProject
Project("{FAE04EC0-301F-11D3-BF4B-00C04F79EFBC}") = "HnVue.Data.Tests", "tests\HnVue.Data.Tests\HnVue.Data.Tests.csproj", "{C2000002-2222-2222-2222-200000000002}"
EndProject
Project("{FAE04EC0-301F-11D3-BF4B-00C04F79EFBC}") = "HnVue.Security.Tests", "tests\HnVue.Security.Tests\HnVue.Security.Tests.csproj", "{C2000003-2222-2222-2222-200000000003}"
EndProject
Project("{FAE04EC0-301F-11D3-BF4B-00C04F79EFBC}") = "HnVue.Dicom.Tests", "tests\HnVue.Dicom.Tests\HnVue.Dicom.Tests.csproj", "{C2000004-2222-2222-2222-200000000004}"
EndProject
Project("{FAE04EC0-301F-11D3-BF4B-00C04F79EFBC}") = "HnVue.Workflow.Tests", "tests\HnVue.Workflow.Tests\HnVue.Workflow.Tests.csproj", "{C2000005-2222-2222-2222-200000000005}"
EndProject
Project("{FAE04EC0-301F-11D3-BF4B-00C04F79EFBC}") = "HnVue.Imaging.Tests", "tests\HnVue.Imaging.Tests\HnVue.Imaging.Tests.csproj", "{C2000006-2222-2222-2222-200000000006}"
EndProject
Project("{FAE04EC0-301F-11D3-BF4B-00C04F79EFBC}") = "HnVue.Dose.Tests", "tests\HnVue.Dose.Tests\HnVue.Dose.Tests.csproj", "{C2000007-2222-2222-2222-200000000007}"
EndProject
Project("{FAE04EC0-301F-11D3-BF4B-00C04F79EFBC}") = "HnVue.PatientManagement.Tests", "tests\HnVue.PatientManagement.Tests\HnVue.PatientManagement.Tests.csproj", "{C2000008-2222-2222-2222-200000000008}"
EndProject
Project("{FAE04EC0-301F-11D3-BF4B-00C04F79EFBC}") = "HnVue.Incident.Tests", "tests\HnVue.Incident.Tests\HnVue.Incident.Tests.csproj", "{C2000009-2222-2222-2222-200000000009}"
EndProject
Project("{FAE04EC0-301F-11D3-BF4B-00C04F79EFBC}") = "HnVue.Update.Tests", "tests\HnVue.Update.Tests\HnVue.Update.Tests.csproj", "{C200000A-2222-2222-2222-20000000000A}"
EndProject
Project("{FAE04EC0-301F-11D3-BF4B-00C04F79EFBC}") = "HnVue.SystemAdmin.Tests", "tests\HnVue.SystemAdmin.Tests\HnVue.SystemAdmin.Tests.csproj", "{C200000B-2222-2222-2222-20000000000B}"
EndProject
Project("{FAE04EC0-301F-11D3-BF4B-00C04F79EFBC}") = "HnVue.CDBurning.Tests", "tests\HnVue.CDBurning.Tests\HnVue.CDBurning.Tests.csproj", "{C200000C-2222-2222-2222-20000000000C}"
EndProject
Project("{FAE04EC0-301F-11D3-BF4B-00C04F79EFBC}") = "HnVue.UI.Tests", "tests\HnVue.UI.Tests\HnVue.UI.Tests.csproj", "{C200000D-2222-2222-2222-20000000000D}"
EndProject
Project("{FAE04EC0-301F-11D3-BF4B-00C04F79EFBC}") = "HnVue.UI.QA.Tests", "tests\UI\HnVue.UI.QA.Tests.csproj", "{C200000E-2222-2222-2222-20000000000E}"
EndProject
Project("{FAE04EC0-301F-11D3-BF4B-00C04F79EFBC}") = "HnVue.Architecture.Tests", "tests\HnVue.Architecture.Tests\HnVue.Architecture.Tests.csproj", "{C200000F-2222-2222-2222-20000000000F}"
EndProject
Project("{FAE04EC0-301F-11D3-BF4B-00C04F79EFBC}") = "HnVue.IntegrationTests", "tests.integration\HnVue.IntegrationTests\HnVue.IntegrationTests.csproj", "{D3000001-3333-3333-3333-300000000001}"
EndProject
Global
	GlobalSection(SolutionConfigurationPlatforms) = preSolution
		Debug|Any CPU = Debug|Any CPU
		Release|Any CPU = Release|Any CPU
	EndGlobalSection
	GlobalSection(ProjectConfigurationPlatforms) = postSolution
		{B1000001-1111-1111-1111-100000000001}.Debug|Any CPU.ActiveCfg = Debug|Any CPU
		{B1000001-1111-1111-1111-100000000001}.Debug|Any CPU.Build.0 = Debug|Any CPU
		{B1000001-1111-1111-1111-100000000001}.Release|Any CPU.ActiveCfg = Release|Any CPU
		{B1000001-1111-1111-1111-100000000001}.Release|Any CPU.Build.0 = Release|Any CPU
		{B1000002-1111-1111-1111-100000000002}.Debug|Any CPU.ActiveCfg = Debug|Any CPU
		{B1000002-1111-1111-1111-100000000002}.Debug|Any CPU.Build.0 = Debug|Any CPU
		{B1000002-1111-1111-1111-100000000002}.Release|Any CPU.ActiveCfg = Release|Any CPU
		{B1000002-1111-1111-1111-100000000002}.Release|Any CPU.Build.0 = Release|Any CPU
		{B1000003-1111-1111-1111-100000000003}.Debug|Any CPU.ActiveCfg = Debug|Any CPU
		{B1000003-1111-1111-1111-100000000003}.Debug|Any CPU.Build.0 = Debug|Any CPU
		{B1000003-1111-1111-1111-100000000003}.Release|Any CPU.ActiveCfg = Release|Any CPU
		{B1000003-1111-1111-1111-100000000003}.Release|Any CPU.Build.0 = Release|Any CPU
		{B1000004-1111-1111-1111-100000000004}.Debug|Any CPU.ActiveCfg = Debug|Any CPU
		{B1000004-1111-1111-1111-100000000004}.Debug|Any CPU.Build.0 = Debug|Any CPU
		{B1000004-1111-1111-1111-100000000004}.Release|Any CPU.ActiveCfg = Release|Any CPU
		{B1000004-1111-1111-1111-100000000004}.Release|Any CPU.Build.0 = Release|Any CPU
		{B1000005-1111-1111-1111-100000000005}.Debug|Any CPU.ActiveCfg = Debug|Any CPU
		{B1000005-1111-1111-1111-100000000005}.Debug|Any CPU.Build.0 = Debug|Any CPU
		{B1000005-1111-1111-1111-100000000005}.Release|Any CPU.ActiveCfg = Release|Any CPU
		{B1000005-1111-1111-1111-100000000005}.Release|Any CPU.Build.0 = Release|Any CPU
		{B1000006-1111-1111-1111-100000000006}.Debug|Any CPU.ActiveCfg = Debug|Any CPU
		{B1000006-1111-1111-1111-100000000006}.Debug|Any CPU.Build.0 = Debug|Any CPU
		{B1000006-1111-1111-1111-100000000006}.Release|Any CPU.ActiveCfg = Release|Any CPU
		{B1000006-1111-1111-1111-100000000006}.Release|Any CPU.Build.0 = Release|Any CPU
		{B1000007-1111-1111-1111-100000000007}.Debug|Any CPU.ActiveCfg = Debug|Any CPU
		{B1000007-1111-1111-1111-100000000007}.Debug|Any CPU.Build.0 = Debug|Any CPU
		{B1000007-1111-1111-1111-100000000007}.Release|Any CPU.ActiveCfg = Release|Any CPU
		{B1000007-1111-1111-1111-100000000007}.Release|Any CPU.Build.0 = Release|Any CPU
		{B1000008-1111-1111-1111-100000000008}.Debug|Any CPU.ActiveCfg = Debug|Any CPU
		{B1000008-1111-1111-1111-100000000008}.Debug|Any CPU.Build.0 = Debug|Any CPU
		{B1000008-1111-1111-1111-100000000008}.Release|Any CPU.ActiveCfg = Release|Any CPU
		{B1000008-1111-1111-1111-100000000008}.Release|Any CPU.Build.0 = Release|Any CPU
		{B1000009-1111-1111-1111-100000000009}.Debug|Any CPU.ActiveCfg = Debug|Any CPU
		{B1000009-1111-1111-1111-100000000009}.Debug|Any CPU.Build.0 = Debug|Any CPU
		{B1000009-1111-1111-1111-100000000009}.Release|Any CPU.ActiveCfg = Release|Any CPU
		{B1000009-1111-1111-1111-100000000009}.Release|Any CPU.Build.0 = Release|Any CPU
		{B100000A-1111-1111-1111-10000000000A}.Debug|Any CPU.ActiveCfg = Debug|Any CPU
		{B100000A-1111-1111-1111-10000000000A}.Debug|Any CPU.Build.0 = Debug|Any CPU
		{B100000A-1111-1111-1111-10000000000A}.Release|Any CPU.ActiveCfg = Release|Any CPU
		{B100000A-1111-1111-1111-10000000000A}.Release|Any CPU.Build.0 = Release|Any CPU
		{B100000B-1111-1111-1111-10000000000B}.Debug|Any CPU.ActiveCfg = Debug|Any CPU
		{B100000B-1111-1111-1111-10000000000B}.Debug|Any CPU.Build.0 = Debug|Any CPU
		{B100000B-1111-1111-1111-10000000000B}.Release|Any CPU.ActiveCfg = Release|Any CPU
		{B100000B-1111-1111-1111-10000000000B}.Release|Any CPU.Build.0 = Release|Any CPU
		{B100000C-1111-1111-1111-10000000000C}.Debug|Any CPU.ActiveCfg = Debug|Any CPU
		{B100000C-1111-1111-1111-10000000000C}.Debug|Any CPU.Build.0 = Debug|Any CPU
		{B100000C-1111-1111-1111-10000000000C}.Release|Any CPU.ActiveCfg = Release|Any CPU
		{B100000C-1111-1111-1111-10000000000C}.Release|Any CPU.Build.0 = Release|Any CPU
		{B100000D-1111-1111-1111-10000000000D}.Debug|Any CPU.ActiveCfg = Debug|Any CPU
		{B100000D-1111-1111-1111-10000000000D}.Debug|Any CPU.Build.0 = Debug|Any CPU
		{B100000D-1111-1111-1111-10000000000D}.Release|Any CPU.ActiveCfg = Release|Any CPU
		{B100000D-1111-1111-1111-10000000000D}.Release|Any CPU.Build.0 = Release|Any CPU
		{B100000E-1111-1111-1111-10000000000E}.Debug|Any CPU.ActiveCfg = Debug|Any CPU
		{B100000E-1111-1111-1111-10000000000E}.Debug|Any CPU.Build.0 = Debug|Any CPU
		{B100000E-1111-1111-1111-10000000000E}.Release|Any CPU.ActiveCfg = Release|Any CPU
		{B100000E-1111-1111-1111-10000000000E}.Release|Any CPU.Build.0 = Release|Any CPU
		{B100000F-1111-1111-1111-10000000000F}.Debug|Any CPU.ActiveCfg = Debug|Any CPU
		{B100000F-1111-1111-1111-10000000000F}.Debug|Any CPU.Build.0 = Debug|Any CPU
		{B100000F-1111-1111-1111-10000000000F}.Release|Any CPU.ActiveCfg = Release|Any CPU
		{B100000F-1111-1111-1111-10000000000F}.Release|Any CPU.Build.0 = Release|Any CPU
		{B1000010-1111-1111-1111-100000000010}.Debug|Any CPU.ActiveCfg = Debug|Any CPU
		{B1000010-1111-1111-1111-100000000010}.Debug|Any CPU.Build.0 = Debug|Any CPU
		{B1000010-1111-1111-1111-100000000010}.Release|Any CPU.ActiveCfg = Release|Any CPU
		{B1000010-1111-1111-1111-100000000010}.Release|Any CPU.Build.0 = Release|Any CPU
		{C2000001-2222-2222-2222-200000000001}.Debug|Any CPU.ActiveCfg = Debug|Any CPU
		{C2000001-2222-2222-2222-200000000001}.Debug|Any CPU.Build.0 = Debug|Any CPU
		{C2000001-2222-2222-2222-200000000001}.Release|Any CPU.ActiveCfg = Release|Any CPU
		{C2000001-2222-2222-2222-200000000001}.Release|Any CPU.Build.0 = Release|Any CPU
		{C2000002-2222-2222-2222-200000000002}.Debug|Any CPU.ActiveCfg = Debug|Any CPU
		{C2000002-2222-2222-2222-200000000002}.Debug|Any CPU.Build.0 = Debug|Any CPU
		{C2000002-2222-2222-2222-200000000002}.Release|Any CPU.ActiveCfg = Release|Any CPU
		{C2000002-2222-2222-2222-200000000002}.Release|Any CPU.Build.0 = Release|Any CPU
		{C2000003-2222-2222-2222-200000000003}.Debug|Any CPU.ActiveCfg = Debug|Any CPU
		{C2000003-2222-2222-2222-200000000003}.Debug|Any CPU.Build.0 = Debug|Any CPU
		{C2000003-2222-2222-2222-200000000003}.Release|Any CPU.ActiveCfg = Release|Any CPU
		{C2000003-2222-2222-2222-200000000003}.Release|Any CPU.Build.0 = Release|Any CPU
		{C2000004-2222-2222-2222-200000000004}.Debug|Any CPU.ActiveCfg = Debug|Any CPU
		{C2000004-2222-2222-2222-200000000004}.Debug|Any CPU.Build.0 = Debug|Any CPU
		{C2000004-2222-2222-2222-200000000004}.Release|Any CPU.ActiveCfg = Release|Any CPU
		{C2000004-2222-2222-2222-200000000004}.Release|Any CPU.Build.0 = Release|Any CPU
		{C2000005-2222-2222-2222-200000000005}.Debug|Any CPU.ActiveCfg = Debug|Any CPU
		{C2000005-2222-2222-2222-200000000005}.Debug|Any CPU.Build.0 = Debug|Any CPU
		{C2000005-2222-2222-2222-200000000005}.Release|Any CPU.ActiveCfg = Release|Any CPU
		{C2000005-2222-2222-2222-200000000005}.Release|Any CPU.Build.0 = Release|Any CPU
		{C2000006-2222-2222-2222-200000000006}.Debug|Any CPU.ActiveCfg = Debug|Any CPU
		{C2000006-2222-2222-2222-200000000006}.Debug|Any CPU.Build.0 = Debug|Any CPU
		{C2000006-2222-2222-2222-200000000006}.Release|Any CPU.ActiveCfg = Release|Any CPU
		{C2000006-2222-2222-2222-200000000006}.Release|Any CPU.Build.0 = Release|Any CPU
		{C2000007-2222-2222-2222-200000000007}.Debug|Any CPU.ActiveCfg = Debug|Any CPU
		{C2000007-2222-2222-2222-200000000007}.Debug|Any CPU.Build.0 = Debug|Any CPU
		{C2000007-2222-2222-2222-200000000007}.Release|Any CPU.ActiveCfg = Release|Any CPU
		{C2000007-2222-2222-2222-200000000007}.Release|Any CPU.Build.0 = Release|Any CPU
		{C2000008-2222-2222-2222-200000000008}.Debug|Any CPU.ActiveCfg = Debug|Any CPU
		{C2000008-2222-2222-2222-200000000008}.Debug|Any CPU.Build.0 = Debug|Any CPU
		{C2000008-2222-2222-2222-200000000008}.Release|Any CPU.ActiveCfg = Release|Any CPU
		{C2000008-2222-2222-2222-200000000008}.Release|Any CPU.Build.0 = Release|Any CPU
		{C2000009-2222-2222-2222-200000000009}.Debug|Any CPU.ActiveCfg = Debug|Any CPU
		{C2000009-2222-2222-2222-200000000009}.Debug|Any CPU.Build.0 = Debug|Any CPU
		{C2000009-2222-2222-2222-200000000009}.Release|Any CPU.ActiveCfg = Release|Any CPU
		{C2000009-2222-2222-2222-200000000009}.Release|Any CPU.Build.0 = Release|Any CPU
		{C200000A-2222-2222-2222-20000000000A}.Debug|Any CPU.ActiveCfg = Debug|Any CPU
		{C200000A-2222-2222-2222-20000000000A}.Debug|Any CPU.Build.0 = Debug|Any CPU
		{C200000A-2222-2222-2222-20000000000A}.Release|Any CPU.ActiveCfg = Release|Any CPU
		{C200000A-2222-2222-2222-20000000000A}.Release|Any CPU.Build.0 = Release|Any CPU
		{C200000B-2222-2222-2222-20000000000B}.Debug|Any CPU.ActiveCfg = Debug|Any CPU
		{C200000B-2222-2222-2222-20000000000B}.Debug|Any CPU.Build.0 = Debug|Any CPU
		{C200000B-2222-2222-2222-20000000000B}.Release|Any CPU.ActiveCfg = Release|Any CPU
		{C200000B-2222-2222-2222-20000000000B}.Release|Any CPU.Build.0 = Release|Any CPU
		{C200000C-2222-2222-2222-20000000000C}.Debug|Any CPU.ActiveCfg = Debug|Any CPU
		{C200000C-2222-2222-2222-20000000000C}.Debug|Any CPU.Build.0 = Debug|Any CPU
		{C200000C-2222-2222-2222-20000000000C}.Release|Any CPU.ActiveCfg = Release|Any CPU
		{C200000C-2222-2222-2222-20000000000C}.Release|Any CPU.Build.0 = Release|Any CPU
		{C200000D-2222-2222-2222-20000000000D}.Debug|Any CPU.ActiveCfg = Debug|Any CPU
		{C200000D-2222-2222-2222-20000000000D}.Debug|Any CPU.Build.0 = Debug|Any CPU
		{C200000D-2222-2222-2222-20000000000D}.Release|Any CPU.ActiveCfg = Release|Any CPU
		{C200000D-2222-2222-2222-20000000000D}.Release|Any CPU.Build.0 = Release|Any CPU
		{C200000E-2222-2222-2222-20000000000E}.Debug|Any CPU.ActiveCfg = Debug|Any CPU
		{C200000E-2222-2222-2222-20000000000E}.Debug|Any CPU.Build.0 = Debug|Any CPU
		{C200000E-2222-2222-2222-20000000000E}.Release|Any CPU.ActiveCfg = Release|Any CPU
		{C200000E-2222-2222-2222-20000000000E}.Release|Any CPU.Build.0 = Release|Any CPU
		{C200000F-2222-2222-2222-20000000000F}.Debug|Any CPU.ActiveCfg = Debug|Any CPU
		{C200000F-2222-2222-2222-20000000000F}.Debug|Any CPU.Build.0 = Debug|Any CPU
		{C200000F-2222-2222-2222-20000000000F}.Release|Any CPU.ActiveCfg = Release|Any CPU
		{C200000F-2222-2222-2222-20000000000F}.Release|Any CPU.Build.0 = Release|Any CPU
		{D3000001-3333-3333-3333-300000000001}.Debug|Any CPU.ActiveCfg = Debug|Any CPU
		{D3000001-3333-3333-3333-300000000001}.Debug|Any CPU.Build.0 = Debug|Any CPU
		{D3000001-3333-3333-3333-300000000001}.Release|Any CPU.ActiveCfg = Release|Any CPU
		{D3000001-3333-3333-3333-300000000001}.Release|Any CPU.Build.0 = Release|Any CPU
	EndGlobalSection
	GlobalSection(NestedProjects) = preSolution
		{B1000001-1111-1111-1111-100000000001} = {A1B2C3D4-0001-0000-0000-000000000000}
		{B1000002-1111-1111-1111-100000000002} = {A1B2C3D4-0001-0000-0000-000000000000}
		{B1000003-1111-1111-1111-100000000003} = {A1B2C3D4-0001-0000-0000-000000000000}
		{B1000004-1111-1111-1111-100000000004} = {A1B2C3D4-0001-0000-0000-000000000000}
		{B1000005-1111-1111-1111-100000000005} = {A1B2C3D4-0001-0000-0000-000000000000}
		{B1000006-1111-1111-1111-100000000006} = {A1B2C3D4-0001-0000-0000-000000000000}
		{B1000007-1111-1111-1111-100000000007} = {A1B2C3D4-0001-0000-0000-000000000000}
		{B1000008-1111-1111-1111-100000000008} = {A1B2C3D4-0001-0000-0000-000000000000}
		{B1000009-1111-1111-1111-100000000009} = {A1B2C3D4-0001-0000-0000-000000000000}
		{B100000A-1111-1111-1111-10000000000A} = {A1B2C3D4-0001-0000-0000-000000000000}
		{B100000B-1111-1111-1111-10000000000B} = {A1B2C3D4-0001-0000-0000-000000000000}
		{B100000C-1111-1111-1111-10000000000C} = {A1B2C3D4-0001-0000-0000-000000000000}
		{B100000D-1111-1111-1111-10000000000D} = {A1B2C3D4-0001-0000-0000-000000000000}
		{B100000E-1111-1111-1111-10000000000E} = {A1B2C3D4-0001-0000-0000-000000000000}
		{B100000F-1111-1111-1111-10000000000F} = {A1B2C3D4-0001-0000-0000-000000000000}
		{B1000010-1111-1111-1111-100000000010} = {A1B2C3D4-0001-0000-0000-000000000000}
		{C2000001-2222-2222-2222-200000000001} = {A1B2C3D4-0002-0000-0000-000000000000}
		{C2000002-2222-2222-2222-200000000002} = {A1B2C3D4-0002-0000-0000-000000000000}
		{C2000003-2222-2222-2222-200000000003} = {A1B2C3D4-0002-0000-0000-000000000000}
		{C2000004-2222-2222-2222-200000000004} = {A1B2C3D4-0002-0000-0000-000000000000}
		{C2000005-2222-2222-2222-200000000005} = {A1B2C3D4-0002-0000-0000-000000000000}
		{C2000006-2222-2222-2222-200000000006} = {A1B2C3D4-0002-0000-0000-000000000000}
		{C2000007-2222-2222-2222-200000000007} = {A1B2C3D4-0002-0000-0000-000000000000}
		{C2000008-2222-2222-2222-200000000008} = {A1B2C3D4-0002-0000-0000-000000000000}
		{C2000009-2222-2222-2222-200000000009} = {A1B2C3D4-0002-0000-0000-000000000000}
		{C200000A-2222-2222-2222-20000000000A} = {A1B2C3D4-0002-0000-0000-000000000000}
		{C200000B-2222-2222-2222-20000000000B} = {A1B2C3D4-0002-0000-0000-000000000000}
		{C200000C-2222-2222-2222-20000000000C} = {A1B2C3D4-0002-0000-0000-000000000000}
		{C200000D-2222-2222-2222-20000000000D} = {A1B2C3D4-0002-0000-0000-000000000000}
		{C200000F-2222-2222-2222-20000000000F} = {A1B2C3D4-0002-0000-0000-000000000000}
		{D3000001-3333-3333-3333-300000000001} = {A1B2C3D4-0003-0000-0000-000000000000}
	EndGlobalSection
	GlobalSection(SolutionProperties) = preSolution
		HideSolutionNode = FALSE
	EndGlobalSection
EndGlobal
